
Microsoft Visual Studio Solution File, Format Version 12.00
# Visual Studio 14
VisualStudioVersion = 14.0.24720.0
MinimumVisualStudioVersion = 10.0.40219.1
Project("{FAE04EC0-301F-11D3-BF4B-00C04F79EFBC}") = "AutoPatterns", "AutoPatterns\AutoPatterns.csproj", "{BF666F2E-7907-4E3B-901F-EB88D4728005}"
EndProject
Project("{FAE04EC0-301F-11D3-BF4B-00C04F79EFBC}") = "AutoPatterns.Tests", "AutoPatterns.Tests\AutoPatterns.Tests.csproj", "{60D3207A-07D0-4578-B75D-6F275B151A46}"
EndProject
Project("{2150E333-8FDC-42A3-9474-1A3956D46DE8}") = "NuGet", "NuGet", "{1FB74F89-D629-4957-9D74-5909162D31EE}"
	ProjectSection(SolutionItems) = preProject
		AutoPatterns.nuspec = AutoPatterns.nuspec
	EndProjectSection
EndProject
Project("{FAE04EC0-301F-11D3-BF4B-00C04F79EFBC}") = "AutoPatterns.PerfTest", "AutoPatterns.PerfTest\AutoPatterns.PerfTest.csproj", "{ABE763C7-12F4-437B-81D0-9BC88BCC78A2}"
EndProject
Global
	GlobalSection(SolutionConfigurationPlatforms) = preSolution
		Debug|Any CPU = Debug|Any CPU
		Release|Any CPU = Release|Any CPU
	EndGlobalSection
	GlobalSection(ProjectConfigurationPlatforms) = postSolution
		{BF666F2E-7907-4E3B-901F-EB88D4728005}.Debug|Any CPU.ActiveCfg = Debug|Any CPU
		{BF666F2E-7907-4E3B-901F-EB88D4728005}.Debug|Any CPU.Build.0 = Debug|Any CPU
		{BF666F2E-7907-4E3B-901F-EB88D4728005}.Release|Any CPU.ActiveCfg = Release|Any CPU
		{BF666F2E-7907-4E3B-901F-EB88D4728005}.Release|Any CPU.Build.0 = Release|Any CPU
		{60D3207A-07D0-4578-B75D-6F275B151A46}.Debug|Any CPU.ActiveCfg = Debug|Any CPU
		{60D3207A-07D0-4578-B75D-6F275B151A46}.Debug|Any CPU.Build.0 = Debug|Any CPU
		{60D3207A-07D0-4578-B75D-6F275B151A46}.Release|Any CPU.ActiveCfg = Release|Any CPU
		{60D3207A-07D0-4578-B75D-6F275B151A46}.Release|Any CPU.Build.0 = Release|Any CPU
		{ABE763C7-12F4-437B-81D0-9BC88BCC78A2}.Debug|Any CPU.ActiveCfg = Debug|Any CPU
		{ABE763C7-12F4-437B-81D0-9BC88BCC78A2}.Debug|Any CPU.Build.0 = Debug|Any CPU
		{ABE763C7-12F4-437B-81D0-9BC88BCC78A2}.Release|Any CPU.ActiveCfg = Release|Any CPU
		{ABE763C7-12F4-437B-81D0-9BC88BCC78A2}.Release|Any CPU.Build.0 = Release|Any CPU
	EndGlobalSection
	GlobalSection(SolutionProperties) = preSolution
		HideSolutionNode = FALSE
	EndGlobalSection
EndGlobal
