
Microsoft Visual Studio Solution File, Format Version 12.00
# Visual Studio 14
VisualStudioVersion = 14.0.24720.0
MinimumVisualStudioVersion = 10.0.40219.1
Project("{FAE04EC0-301F-11D3-BF4B-00C04F79EFBC}") = "MetaPatterns", "MetaPatterns\MetaPatterns.csproj", "{CDEC9FD4-236F-4239-8C3E-04D0FACD379E}"
EndProject
Project("{FAE04EC0-301F-11D3-BF4B-00C04F79EFBC}") = "MetaPatterns.Tests", "MetaPatterns.Tests\MetaPatterns.Tests.csproj", "{DC8100F9-7BB6-4802-B3A4-677BB07555C1}"
EndProject
Project("{FAE04EC0-301F-11D3-BF4B-00C04F79EFBC}") = "MetaPatterns.Net45", "MetaPatterns.Net45\MetaPatterns.Net45.csproj", "{B7A3EC3B-A10B-42D5-8AE4-9DE5FBE5D81B}"
EndProject
Global
	GlobalSection(SolutionConfigurationPlatforms) = preSolution
		Debug|Any CPU = Debug|Any CPU
		Release|Any CPU = Release|Any CPU
	EndGlobalSection
	GlobalSection(ProjectConfigurationPlatforms) = postSolution
		{CDEC9FD4-236F-4239-8C3E-04D0FACD379E}.Debug|Any CPU.ActiveCfg = Debug|Any CPU
		{CDEC9FD4-236F-4239-8C3E-04D0FACD379E}.Debug|Any CPU.Build.0 = Debug|Any CPU
		{CDEC9FD4-236F-4239-8C3E-04D0FACD379E}.Release|Any CPU.ActiveCfg = Release|Any CPU
		{CDEC9FD4-236F-4239-8C3E-04D0FACD379E}.Release|Any CPU.Build.0 = Release|Any CPU
		{DC8100F9-7BB6-4802-B3A4-677BB07555C1}.Debug|Any CPU.ActiveCfg = Debug|Any CPU
		{DC8100F9-7BB6-4802-B3A4-677BB07555C1}.Debug|Any CPU.Build.0 = Debug|Any CPU
		{DC8100F9-7BB6-4802-B3A4-677BB07555C1}.Release|Any CPU.ActiveCfg = Release|Any CPU
		{DC8100F9-7BB6-4802-B3A4-677BB07555C1}.Release|Any CPU.Build.0 = Release|Any CPU
		{B7A3EC3B-A10B-42D5-8AE4-9DE5FBE5D81B}.Debug|Any CPU.ActiveCfg = Debug|Any CPU
		{B7A3EC3B-A10B-42D5-8AE4-9DE5FBE5D81B}.Debug|Any CPU.Build.0 = Debug|Any CPU
		{B7A3EC3B-A10B-42D5-8AE4-9DE5FBE5D81B}.Release|Any CPU.ActiveCfg = Release|Any CPU
		{B7A3EC3B-A10B-42D5-8AE4-9DE5FBE5D81B}.Release|Any CPU.Build.0 = Release|Any CPU
	EndGlobalSection
	GlobalSection(SolutionProperties) = preSolution
		HideSolutionNode = FALSE
	EndGlobalSection
EndGlobal
